# THIS IS AN AUTOGENERATED FILE. DO NOT EDIT THIS FILE DIRECTLY.
# yarn lockfile v1


"@system-dynamics/engine@^1.2.0":
  version "1.2.0"
  resolved "https://registry.yarnpkg.com/@system-dynamics/engine/-/engine-1.2.0.tgz#8d724292083af534e1e5c0759f4aa2f6a070d371"
  integrity sha512-DcYCKd6QwjVMzL3qXc1AjZrZsIcxKM+R3+OZ3sixVdyn6a6oUxDH5oY3x0HSVXvlkHbo4jbq8ptdjAfarKAP/Q==

"@system-dynamics/importer@^1.3.0":
  version "1.3.0"
  resolved "https://registry.yarnpkg.com/@system-dynamics/importer/-/importer-1.3.0.tgz#5af1fddd4aa4696eb7e820412b2ec9bcc8cb1fac"
  integrity sha512-sixlcE+OpdqiAgDd/ZeTnp4VBUIIbZMHuC6olfXPoNq7nqH4NOLlLdJYClHWC8zivL5Z9NT6oJ2Yb7mz4MNL/w==

"@system-dynamics/xmutil@^1.1.3":
  version "1.1.3"
  resolved "https://registry.yarnpkg.com/@system-dynamics/xmutil/-/xmutil-1.1.3.tgz#f2aa18efde856f3f1627ecd0a5f205152a69eea4"
  integrity sha512-2VmPj+VF0Wk92HG+xFn6d9MAeyfBJ1zWpYUtyfcwvBxQ1XNNbd+W2SWCpCuEah+5foTcpJViARW0i85psiS6WQ==
