# THIS IS AN AUTOGENERATED FILE. DO NOT EDIT THIS FILE DIRECTLY.
# yarn lockfile v1


"@system-dynamics/engine@^1.1.1":
  version "1.1.1"
  resolved "https://registry.yarnpkg.com/@system-dynamics/engine/-/engine-1.1.1.tgz#a5f842b521e40f761d20016eb4de472aafe66411"
  integrity sha512-9U54vIopRgQ6s3rRJHRjUVZl5NFjMvP51YsEGkgrexXT6PuyHG00w9MX0nK+IcuXnCP51oN5aELMHQScVJrDCQ==

"@system-dynamics/importer@^1.1.0":
  version "1.1.0"
  resolved "https://registry.yarnpkg.com/@system-dynamics/importer/-/importer-1.1.0.tgz#a91303b0a2b483a6ad34c2ba78056b04904efef7"
  integrity sha512-3IkLIYn15/LKpSZyyFCS5f/H40Lcw6fgdVbTIKJe8zJVJUT0qHRoSNuEQMksDhrRbBjxP85C3XkI11xb11rt9g==

"@system-dynamics/xmutil@^1.1.1":
  version "1.1.1"
  resolved "https://registry.yarnpkg.com/@system-dynamics/xmutil/-/xmutil-1.1.1.tgz#70996d2df4b8f28ab69d86de3b2894da02e90fe4"
  integrity sha512-aMxH3m0mNcSJI1P7JVKlGAE+AILwGvie7RBJKjy8dy+f1AC/iRWqWHY8oxXc0deHfpE+7R176eKL+1SaXeujsg==
